
Microsoft Visual Studio Solution File, Format Version 12.00
# Visual Studio Version 16
VisualStudioVersion = 16.0.30011.22
MinimumVisualStudioVersion = 10.0.40219.1
Project("{9A19103F-16F7-4668-BE54-9A1E7A4F7556}") = "ECommerce", "ECommerce\ECommerce.csproj", "{8846A2C9-79B5-4A46-A860-50DC972CFAD7}"
EndProject
Project("{9A19103F-16F7-4668-BE54-9A1E7A4F7556}") = "WebApplication", "WebApplication\WebApplication.csproj", "{A936CC59-7F29-4260-9DDC-DC9F27814D30}"
EndProject
Project("{9A19103F-16F7-4668-BE54-9A1E7A4F7556}") = "WebApi2", "WebApi2\WebApi2.csproj", "{72617E9D-E06B-4D43-B0A7-02991E621FD2}"
EndProject
Global
	GlobalSection(SolutionConfigurationPlatforms) = preSolution
		Debug|Any CPU = Debug|Any CPU
		Release|Any CPU = Release|Any CPU
	EndGlobalSection
	GlobalSection(ProjectConfigurationPlatforms) = postSolution
		{8846A2C9-79B5-4A46-A860-50DC972CFAD7}.Debug|Any CPU.ActiveCfg = Debug|Any CPU
		{8846A2C9-79B5-4A46-A860-50DC972CFAD7}.Debug|Any CPU.Build.0 = Debug|Any CPU
		{8846A2C9-79B5-4A46-A860-50DC972CFAD7}.Release|Any CPU.ActiveCfg = Release|Any CPU
		{8846A2C9-79B5-4A46-A860-50DC972CFAD7}.Release|Any CPU.Build.0 = Release|Any CPU
		{A936CC59-7F29-4260-9DDC-DC9F27814D30}.Debug|Any CPU.ActiveCfg = Debug|Any CPU
		{A936CC59-7F29-4260-9DDC-DC9F27814D30}.Debug|Any CPU.Build.0 = Debug|Any CPU
		{A936CC59-7F29-4260-9DDC-DC9F27814D30}.Release|Any CPU.ActiveCfg = Release|Any CPU
		{A936CC59-7F29-4260-9DDC-DC9F27814D30}.Release|Any CPU.Build.0 = Release|Any CPU
		{72617E9D-E06B-4D43-B0A7-02991E621FD2}.Debug|Any CPU.ActiveCfg = Debug|Any CPU
		{72617E9D-E06B-4D43-B0A7-02991E621FD2}.Debug|Any CPU.Build.0 = Debug|Any CPU
		{72617E9D-E06B-4D43-B0A7-02991E621FD2}.Release|Any CPU.ActiveCfg = Release|Any CPU
		{72617E9D-E06B-4D43-B0A7-02991E621FD2}.Release|Any CPU.Build.0 = Release|Any CPU
	EndGlobalSection
	GlobalSection(SolutionProperties) = preSolution
		HideSolutionNode = FALSE
	EndGlobalSection
	GlobalSection(ExtensibilityGlobals) = postSolution
		SolutionGuid = {D9BEFA38-5073-4D23-81BF-C7AA72A07885}
	EndGlobalSection
EndGlobal
